Microsoft Visual Studio Solution File, Format Version 12.00
# Visual Studio 15
VisualStudioVersion = 15.0.28010.2016
MinimumVisualStudioVersion = 10.0.40219.1
Project("{FAE04EC0-301F-11D3-BF4B-00C04F79EFBC}") = "Veldrid.Mac", "Veldrid.Mac\Veldrid.Mac.csproj", "{A23FD9D1-BA74-4036-AD30-E245EC55E39A}"
EndProject
Project("{FAE04EC0-301F-11D3-BF4B-00C04F79EFBC}") = "Veldrid.iOS", "Veldrid.iOS\Veldrid.iOS.csproj", "{9D6F56E8-BA48-4C66-822A-2B0B840AB672}"
EndProject
Project("{FAE04EC0-301F-11D3-BF4B-00C04F79EFBC}") = "Veldrid.Android", "Veldrid.Android\Veldrid.Android.csproj", "{4180FD58-2015-4FAF-8210-0BC0C03A7C10}"
EndProject
Project("{FAE04EC0-301F-11D3-BF4B-00C04F79EFBC}") = "Veldrid.Forms", "Veldrid.Forms\Veldrid.Forms.csproj", "{643EB67C-20C9-4DE5-95F8-B2ACC4471C44}"
EndProject
Project("{FAE04EC0-301F-11D3-BF4B-00C04F79EFBC}") = "Veldrid.WPF", "Veldrid.WPF\Veldrid.WPF.csproj", "{7C522CB8-2BC2-4512-A491-37E61A8D3EB5}"
EndProject
Global
	GlobalSection(SolutionConfigurationPlatforms) = preSolution
		Debug|Any CPU = Debug|Any CPU
		Debug|ARM = Debug|ARM
		Debug|iPhone = Debug|iPhone
		Debug|iPhoneSimulator = Debug|iPhoneSimulator
		Debug|x64 = Debug|x64
		Debug|x86 = Debug|x86
		Release|Any CPU = Release|Any CPU
		Release|ARM = Release|ARM
		Release|iPhone = Release|iPhone
		Release|iPhoneSimulator = Release|iPhoneSimulator
		Release|x64 = Release|x64
		Release|x86 = Release|x86
	EndGlobalSection
	GlobalSection(ProjectConfigurationPlatforms) = postSolution
		{A23FD9D1-BA74-4036-AD30-E245EC55E39A}.Debug|Any CPU.ActiveCfg = Debug|x86
		{A23FD9D1-BA74-4036-AD30-E245EC55E39A}.Debug|ARM.ActiveCfg = Debug|x86
		{A23FD9D1-BA74-4036-AD30-E245EC55E39A}.Debug|iPhone.ActiveCfg = Debug|x86
		{A23FD9D1-BA74-4036-AD30-E245EC55E39A}.Debug|iPhone.Build.0 = Debug|x86
		{A23FD9D1-BA74-4036-AD30-E245EC55E39A}.Debug|iPhoneSimulator.ActiveCfg = Debug|x86
		{A23FD9D1-BA74-4036-AD30-E245EC55E39A}.Debug|iPhoneSimulator.Build.0 = Debug|x86
		{A23FD9D1-BA74-4036-AD30-E245EC55E39A}.Debug|x64.ActiveCfg = Debug|x86
		{A23FD9D1-BA74-4036-AD30-E245EC55E39A}.Debug|x86.ActiveCfg = Debug|x86
		{A23FD9D1-BA74-4036-AD30-E245EC55E39A}.Debug|x86.Build.0 = Debug|x86
		{A23FD9D1-BA74-4036-AD30-E245EC55E39A}.Release|Any CPU.ActiveCfg = Release|x86
		{A23FD9D1-BA74-4036-AD30-E245EC55E39A}.Release|ARM.ActiveCfg = Release|x86
		{A23FD9D1-BA74-4036-AD30-E245EC55E39A}.Release|iPhone.ActiveCfg = Release|x86
		{A23FD9D1-BA74-4036-AD30-E245EC55E39A}.Release|iPhone.Build.0 = Release|x86
		{A23FD9D1-BA74-4036-AD30-E245EC55E39A}.Release|iPhoneSimulator.ActiveCfg = Release|x86
		{A23FD9D1-BA74-4036-AD30-E245EC55E39A}.Release|iPhoneSimulator.Build.0 = Release|x86
		{A23FD9D1-BA74-4036-AD30-E245EC55E39A}.Release|x64.ActiveCfg = Release|x86
		{A23FD9D1-BA74-4036-AD30-E245EC55E39A}.Release|x86.ActiveCfg = Release|x86
		{A23FD9D1-BA74-4036-AD30-E245EC55E39A}.Release|x86.Build.0 = Release|x86
		{9D6F56E8-BA48-4C66-822A-2B0B840AB672}.Debug|Any CPU.ActiveCfg = Debug|iPhoneSimulator
		{9D6F56E8-BA48-4C66-822A-2B0B840AB672}.Debug|ARM.ActiveCfg = Debug|iPhone
		{9D6F56E8-BA48-4C66-822A-2B0B840AB672}.Debug|iPhone.ActiveCfg = Debug|iPhone
		{9D6F56E8-BA48-4C66-822A-2B0B840AB672}.Debug|iPhone.Build.0 = Debug|iPhone
		{9D6F56E8-BA48-4C66-822A-2B0B840AB672}.Debug|iPhoneSimulator.ActiveCfg = Debug|iPhoneSimulator
		{9D6F56E8-BA48-4C66-822A-2B0B840AB672}.Debug|iPhoneSimulator.Build.0 = Debug|iPhoneSimulator
		{9D6F56E8-BA48-4C66-822A-2B0B840AB672}.Debug|x64.ActiveCfg = Debug|iPhone
		{9D6F56E8-BA48-4C66-822A-2B0B840AB672}.Debug|x86.ActiveCfg = Debug|iPhoneSimulator
		{9D6F56E8-BA48-4C66-822A-2B0B840AB672}.Debug|x86.Build.0 = Debug|iPhoneSimulator
		{9D6F56E8-BA48-4C66-822A-2B0B840AB672}.Release|Any CPU.ActiveCfg = Release|iPhoneSimulator
		{9D6F56E8-BA48-4C66-822A-2B0B840AB672}.Release|ARM.ActiveCfg = Release|iPhone
		{9D6F56E8-BA48-4C66-822A-2B0B840AB672}.Release|iPhone.ActiveCfg = Release|iPhone
		{9D6F56E8-BA48-4C66-822A-2B0B840AB672}.Release|iPhone.Build.0 = Release|iPhone
		{9D6F56E8-BA48-4C66-822A-2B0B840AB672}.Release|iPhoneSimulator.ActiveCfg = Release|iPhoneSimulator
		{9D6F56E8-BA48-4C66-822A-2B0B840AB672}.Release|iPhoneSimulator.Build.0 = Release|iPhoneSimulator
		{9D6F56E8-BA48-4C66-822A-2B0B840AB672}.Release|x64.ActiveCfg = Release|iPhone
		{9D6F56E8-BA48-4C66-822A-2B0B840AB672}.Release|x86.ActiveCfg = Release|iPhone
		{9D6F56E8-BA48-4C66-822A-2B0B840AB672}.Release|x86.Build.0 = Release|iPhone
		{4180FD58-2015-4FAF-8210-0BC0C03A7C10}.Debug|Any CPU.ActiveCfg = Debug|Any CPU
		{4180FD58-2015-4FAF-8210-0BC0C03A7C10}.Debug|Any CPU.Build.0 = Debug|Any CPU
		{4180FD58-2015-4FAF-8210-0BC0C03A7C10}.Debug|Any CPU.Deploy.0 = Debug|Any CPU
		{4180FD58-2015-4FAF-8210-0BC0C03A7C10}.Debug|ARM.ActiveCfg = Debug|Any CPU
		{4180FD58-2015-4FAF-8210-0BC0C03A7C10}.Debug|ARM.Build.0 = Debug|Any CPU
		{4180FD58-2015-4FAF-8210-0BC0C03A7C10}.Debug|ARM.Deploy.0 = Debug|Any CPU
		{4180FD58-2015-4FAF-8210-0BC0C03A7C10}.Debug|iPhone.ActiveCfg = Debug|Any CPU
		{4180FD58-2015-4FAF-8210-0BC0C03A7C10}.Debug|iPhone.Build.0 = Debug|Any CPU
		{4180FD58-2015-4FAF-8210-0BC0C03A7C10}.Debug|iPhoneSimulator.ActiveCfg = Debug|Any CPU
		{4180FD58-2015-4FAF-8210-0BC0C03A7C10}.Debug|iPhoneSimulator.Build.0 = Debug|Any CPU
		{4180FD58-2015-4FAF-8210-0BC0C03A7C10}.Debug|x64.ActiveCfg = Debug|Any CPU
		{4180FD58-2015-4FAF-8210-0BC0C03A7C10}.Debug|x64.Build.0 = Debug|Any CPU
		{4180FD58-2015-4FAF-8210-0BC0C03A7C10}.Debug|x64.Deploy.0 = Debug|Any CPU
		{4180FD58-2015-4FAF-8210-0BC0C03A7C10}.Debug|x86.ActiveCfg = Debug|Any CPU
		{4180FD58-2015-4FAF-8210-0BC0C03A7C10}.Debug|x86.Build.0 = Debug|Any CPU
		{4180FD58-2015-4FAF-8210-0BC0C03A7C10}.Release|Any CPU.ActiveCfg = Release|Any CPU
		{4180FD58-2015-4FAF-8210-0BC0C03A7C10}.Release|Any CPU.Build.0 = Release|Any CPU
		{4180FD58-2015-4FAF-8210-0BC0C03A7C10}.Release|Any CPU.Deploy.0 = Release|Any CPU
		{4180FD58-2015-4FAF-8210-0BC0C03A7C10}.Release|ARM.ActiveCfg = Release|Any CPU
		{4180FD58-2015-4FAF-8210-0BC0C03A7C10}.Release|ARM.Build.0 = Release|Any CPU
		{4180FD58-2015-4FAF-8210-0BC0C03A7C10}.Release|ARM.Deploy.0 = Release|Any CPU
		{4180FD58-2015-4FAF-8210-0BC0C03A7C10}.Release|iPhone.ActiveCfg = Release|Any CPU
		{4180FD58-2015-4FAF-8210-0BC0C03A7C10}.Release|iPhone.Build.0 = Release|Any CPU
		{4180FD58-2015-4FAF-8210-0BC0C03A7C10}.Release|iPhoneSimulator.ActiveCfg = Release|Any CPU
		{4180FD58-2015-4FAF-8210-0BC0C03A7C10}.Release|iPhoneSimulator.Build.0 = Release|Any CPU
		{4180FD58-2015-4FAF-8210-0BC0C03A7C10}.Release|x64.ActiveCfg = Release|Any CPU
		{4180FD58-2015-4FAF-8210-0BC0C03A7C10}.Release|x64.Build.0 = Release|Any CPU
		{4180FD58-2015-4FAF-8210-0BC0C03A7C10}.Release|x64.Deploy.0 = Release|Any CPU
		{4180FD58-2015-4FAF-8210-0BC0C03A7C10}.Release|x86.ActiveCfg = Release|Any CPU
		{4180FD58-2015-4FAF-8210-0BC0C03A7C10}.Release|x86.Build.0 = Release|Any CPU
		{643EB67C-20C9-4DE5-95F8-B2ACC4471C44}.Debug|Any CPU.ActiveCfg = Debug|Any CPU
		{643EB67C-20C9-4DE5-95F8-B2ACC4471C44}.Debug|Any CPU.Build.0 = Debug|Any CPU
		{643EB67C-20C9-4DE5-95F8-B2ACC4471C44}.Debug|ARM.ActiveCfg = Debug|Any CPU
		{643EB67C-20C9-4DE5-95F8-B2ACC4471C44}.Debug|ARM.Build.0 = Debug|Any CPU
		{643EB67C-20C9-4DE5-95F8-B2ACC4471C44}.Debug|iPhone.ActiveCfg = Debug|Any CPU
		{643EB67C-20C9-4DE5-95F8-B2ACC4471C44}.Debug|iPhone.Build.0 = Debug|Any CPU
		{643EB67C-20C9-4DE5-95F8-B2ACC4471C44}.Debug|iPhoneSimulator.ActiveCfg = Debug|Any CPU
		{643EB67C-20C9-4DE5-95F8-B2ACC4471C44}.Debug|iPhoneSimulator.Build.0 = Debug|Any CPU
		{643EB67C-20C9-4DE5-95F8-B2ACC4471C44}.Debug|x64.ActiveCfg = Debug|Any CPU
		{643EB67C-20C9-4DE5-95F8-B2ACC4471C44}.Debug|x64.Build.0 = Debug|Any CPU
		{643EB67C-20C9-4DE5-95F8-B2ACC4471C44}.Debug|x86.ActiveCfg = Debug|Any CPU
		{643EB67C-20C9-4DE5-95F8-B2ACC4471C44}.Debug|x86.Build.0 = Debug|Any CPU
		{643EB67C-20C9-4DE5-95F8-B2ACC4471C44}.Release|Any CPU.ActiveCfg = Release|Any CPU
		{643EB67C-20C9-4DE5-95F8-B2ACC4471C44}.Release|Any CPU.Build.0 = Release|Any CPU
		{643EB67C-20C9-4DE5-95F8-B2ACC4471C44}.Release|ARM.ActiveCfg = Release|Any CPU
		{643EB67C-20C9-4DE5-95F8-B2ACC4471C44}.Release|ARM.Build.0 = Release|Any CPU
		{643EB67C-20C9-4DE5-95F8-B2ACC4471C44}.Release|iPhone.ActiveCfg = Release|Any CPU
		{643EB67C-20C9-4DE5-95F8-B2ACC4471C44}.Release|iPhone.Build.0 = Release|Any CPU
		{643EB67C-20C9-4DE5-95F8-B2ACC4471C44}.Release|iPhoneSimulator.ActiveCfg = Release|Any CPU
		{643EB67C-20C9-4DE5-95F8-B2ACC4471C44}.Release|iPhoneSimulator.Build.0 = Release|Any CPU
		{643EB67C-20C9-4DE5-95F8-B2ACC4471C44}.Release|x64.ActiveCfg = Release|Any CPU
		{643EB67C-20C9-4DE5-95F8-B2ACC4471C44}.Release|x64.Build.0 = Release|Any CPU
		{643EB67C-20C9-4DE5-95F8-B2ACC4471C44}.Release|x86.ActiveCfg = Release|Any CPU
		{643EB67C-20C9-4DE5-95F8-B2ACC4471C44}.Release|x86.Build.0 = Release|Any CPU
		{7C522CB8-2BC2-4512-A491-37E61A8D3EB5}.Debug|Any CPU.ActiveCfg = Debug|Any CPU
		{7C522CB8-2BC2-4512-A491-37E61A8D3EB5}.Debug|Any CPU.Build.0 = Debug|Any CPU
		{7C522CB8-2BC2-4512-A491-37E61A8D3EB5}.Debug|ARM.ActiveCfg = Debug|Any CPU
		{7C522CB8-2BC2-4512-A491-37E61A8D3EB5}.Debug|ARM.Build.0 = Debug|Any CPU
		{7C522CB8-2BC2-4512-A491-37E61A8D3EB5}.Debug|iPhone.ActiveCfg = Debug|Any CPU
		{7C522CB8-2BC2-4512-A491-37E61A8D3EB5}.Debug|iPhone.Build.0 = Debug|Any CPU
		{7C522CB8-2BC2-4512-A491-37E61A8D3EB5}.Debug|iPhoneSimulator.ActiveCfg = Debug|Any CPU
		{7C522CB8-2BC2-4512-A491-37E61A8D3EB5}.Debug|iPhoneSimulator.Build.0 = Debug|Any CPU
		{7C522CB8-2BC2-4512-A491-37E61A8D3EB5}.Debug|x64.ActiveCfg = Debug|Any CPU
		{7C522CB8-2BC2-4512-A491-37E61A8D3EB5}.Debug|x64.Build.0 = Debug|Any CPU
		{7C522CB8-2BC2-4512-A491-37E61A8D3EB5}.Debug|x86.ActiveCfg = Debug|Any CPU
		{7C522CB8-2BC2-4512-A491-37E61A8D3EB5}.Debug|x86.Build.0 = Debug|Any CPU
		{7C522CB8-2BC2-4512-A491-37E61A8D3EB5}.Release|Any CPU.ActiveCfg = Release|Any CPU
		{7C522CB8-2BC2-4512-A491-37E61A8D3EB5}.Release|Any CPU.Build.0 = Release|Any CPU
		{7C522CB8-2BC2-4512-A491-37E61A8D3EB5}.Release|ARM.ActiveCfg = Release|Any CPU
		{7C522CB8-2BC2-4512-A491-37E61A8D3EB5}.Release|ARM.Build.0 = Release|Any CPU
		{7C522CB8-2BC2-4512-A491-37E61A8D3EB5}.Release|iPhone.ActiveCfg = Release|Any CPU
		{7C522CB8-2BC2-4512-A491-37E61A8D3EB5}.Release|iPhone.Build.0 = Release|Any CPU
		{7C522CB8-2BC2-4512-A491-37E61A8D3EB5}.Release|iPhoneSimulator.ActiveCfg = Release|Any CPU
		{7C522CB8-2BC2-4512-A491-37E61A8D3EB5}.Release|iPhoneSimulator.Build.0 = Release|Any CPU
		{7C522CB8-2BC2-4512-A491-37E61A8D3EB5}.Release|x64.ActiveCfg = Release|Any CPU
		{7C522CB8-2BC2-4512-A491-37E61A8D3EB5}.Release|x64.Build.0 = Release|Any CPU
		{7C522CB8-2BC2-4512-A491-37E61A8D3EB5}.Release|x86.ActiveCfg = Release|Any CPU
		{7C522CB8-2BC2-4512-A491-37E61A8D3EB5}.Release|x86.Build.0 = Release|Any CPU
	EndGlobalSection
	GlobalSection(SolutionProperties) = preSolution
		HideSolutionNode = FALSE
	EndGlobalSection
	GlobalSection(ExtensibilityGlobals) = postSolution
		SolutionGuid = {BCF54AEC-6363-4A85-A71A-A71E4678E0A6}
	EndGlobalSection
EndGlobal
